
Microsoft Visual Studio Solution File, Format Version 12.00
# Visual Studio Version 17
VisualStudioVersion = 17.14.36623.8 d17.14
MinimumVisualStudioVersion = 10.0.40219.1
Project("{FAE04EC0-301F-11D3-BF4B-00C04F79EFBC}") = "PixisAirTeamProject", "PixisAirTeamProject.csproj", "{F6C0D129-CA59-420D-9D16-B43C59765511}"
EndProject
Global
	GlobalSection(SolutionConfigurationPlatforms) = preSolution
		Debug|Any CPU = Debug|Any CPU
		Release|Any CPU = Release|Any CPU
	EndGlobalSection
	GlobalSection(ProjectConfigurationPlatforms) = postSolution
		{F6C0D129-CA59-420D-9D16-B43C59765511}.Debug|Any CPU.ActiveCfg = Debug|Any CPU
		{F6C0D129-CA59-420D-9D16-B43C59765511}.Debug|Any CPU.Build.0 = Debug|Any CPU
		{F6C0D129-CA59-420D-9D16-B43C59765511}.Release|Any CPU.ActiveCfg = Release|Any CPU
		{F6C0D129-CA59-420D-9D16-B43C59765511}.Release|Any CPU.Build.0 = Release|Any CPU
	EndGlobalSection
	GlobalSection(SolutionProperties) = preSolution
		HideSolutionNode = FALSE
	EndGlobalSection
	GlobalSection(ExtensibilityGlobals) = postSolution
		SolutionGuid = {AFEC68D4-E763-49B1-8854-C38339DB8186}
	EndGlobalSection
EndGlobal
